Microsoft Visual Studio Solution File, Format Version 12.00
# Visual Studio Version 17
VisualStudioVersion = 17.5.2.0
MinimumVisualStudioVersion = 10.0.40219.1
Project("{FAE04EC0-301F-11D3-BF4B-00C04F79EFBC}") = "PerfCalcV2", "PerfCalcV2.csproj", "{FE15C066-E0C4-E504-380D-0792A528D937}"
EndProject
Global
	GlobalSection(SolutionConfigurationPlatforms) = preSolution
		Debug|Any CPU = Debug|Any CPU
		Release|Any CPU = Release|Any CPU
	EndGlobalSection
	GlobalSection(ProjectConfigurationPlatforms) = postSolution
		{FE15C066-E0C4-E504-380D-0792A528D937}.Debug|Any CPU.ActiveCfg = Debug|Any CPU
		{FE15C066-E0C4-E504-380D-0792A528D937}.Debug|Any CPU.Build.0 = Debug|Any CPU
		{FE15C066-E0C4-E504-380D-0792A528D937}.Release|Any CPU.ActiveCfg = Release|Any CPU
		{FE15C066-E0C4-E504-380D-0792A528D937}.Release|Any CPU.Build.0 = Release|Any CPU
	EndGlobalSection
	GlobalSection(SolutionProperties) = preSolution
		HideSolutionNode = FALSE
	EndGlobalSection
	GlobalSection(ExtensibilityGlobals) = postSolution
		SolutionGuid = {A85D3551-1372-49F9-8612-185F00A238D7}
	EndGlobalSection
EndGlobal
